
Microsoft Visual Studio Solution File, Format Version 12.00
# Visual Studio 14
VisualStudioVersion = 14.0.25420.1
MinimumVisualStudioVersion = 10.0.40219.1
Project("{8BC9CEB8-8B4A-11D0-8D11-00A0C91BC942}") = "Spiral_Server", "Spiral\Spiral.vcxproj", "{DB212AD5-A7FA-49DC-B165-B6035772D951}"
EndProject
Project("{8BC9CEB8-8B4A-11D0-8D11-00A0C91BC942}") = "Spiral_Client", "Spiral_Client\Spiral_Client.vcxproj", "{61787FD8-ADAE-4B16-B4A4-E5ADB26E2139}"
EndProject
Project("{8BC9CEB8-8B4A-11D0-8D11-00A0C91BC942}") = "libevent", "Dependencies\libevent\libevent.vcxproj", "{75EC2E9B-EBB8-46F2-9DBE-3C78E73F8D55}"
EndProject
Project("{8BC9CEB8-8B4A-11D0-8D11-00A0C91BC942}") = "lua", "Dependencies\lua-5.1.4\lua-5.1.4\vs2013\StaticLibrary\StaticLibrary\StaticLibrary.vcxproj", "{06ABC689-54E1-43CF-99CF-BF3E4E97459E}"
EndProject
Project("{8BC9CEB8-8B4A-11D0-8D11-00A0C91BC942}") = "Spiral_DBServer", "Spiral_DBServer\Spiral_DBServer.vcxproj", "{F87A43FB-DA3E-403E-9242-55173934D4AC}"
EndProject
Project("{8BC9CEB8-8B4A-11D0-8D11-00A0C91BC942}") = "hiredis", "Dependencies\hiredis\hiredis_win\hiredis\msvc\msvc.vcxproj", "{B45000FF-F17A-4F1C-89E5-14C513B20DC9}"
EndProject
Project("{2150E333-8FDC-42A3-9474-1A3956D46DE8}") = "protobuf-3.1.x", "protobuf-3.1.x", "{598F7C12-6050-493D-B9B9-2CE4F8FCA804}"
EndProject
Project("{8BC9CEB8-8B4A-11D0-8D11-00A0C91BC942}") = "ALL_BUILD", "Dependencies\protobuf-3.1.x\vs2015\ALL_BUILD.vcxproj", "{C0B9F222-B39F-3B97-A0C4-28DC53F19DBF}"
EndProject
Project("{8BC9CEB8-8B4A-11D0-8D11-00A0C91BC942}") = "libprotobuf", "Dependencies\protobuf-3.1.x\vs2015\libprotobuf.vcxproj", "{3685E3E7-CDE1-3796-AD46-5F9C1416BB6A}"
EndProject
Project("{8BC9CEB8-8B4A-11D0-8D11-00A0C91BC942}") = "libprotobuf-lite", "Dependencies\protobuf-3.1.x\vs2015\libprotobuf-lite.vcxproj", "{30709B3D-AC84-3721-A6BC-31A7AC6B9703}"
EndProject
Project("{8BC9CEB8-8B4A-11D0-8D11-00A0C91BC942}") = "libprotoc", "Dependencies\protobuf-3.1.x\vs2015\libprotoc.vcxproj", "{CC6B1588-4AB3-3865-B7B6-BD6B44215B6C}"
EndProject
Project("{8BC9CEB8-8B4A-11D0-8D11-00A0C91BC942}") = "protoc", "Dependencies\protobuf-3.1.x\vs2015\protoc.vcxproj", "{7F4A34B1-63DC-3566-A9BB-2F0200A04C0F}"
EndProject
Global
	GlobalSection(SolutionConfigurationPlatforms) = preSolution
		Debug|x64 = Debug|x64
		Debug|x86 = Debug|x86
		MinSizeRel|x64 = MinSizeRel|x64
		MinSizeRel|x86 = MinSizeRel|x86
		Release|x64 = Release|x64
		Release|x86 = Release|x86
		RelWithDebInfo|x64 = RelWithDebInfo|x64
		RelWithDebInfo|x86 = RelWithDebInfo|x86
	EndGlobalSection
	GlobalSection(ProjectConfigurationPlatforms) = postSolution
		{DB212AD5-A7FA-49DC-B165-B6035772D951}.Debug|x64.ActiveCfg = Debug|x64
		{DB212AD5-A7FA-49DC-B165-B6035772D951}.Debug|x64.Build.0 = Debug|x64
		{DB212AD5-A7FA-49DC-B165-B6035772D951}.Debug|x86.ActiveCfg = Debug|Win32
		{DB212AD5-A7FA-49DC-B165-B6035772D951}.Debug|x86.Build.0 = Debug|Win32
		{DB212AD5-A7FA-49DC-B165-B6035772D951}.MinSizeRel|x64.ActiveCfg = Release|x64
		{DB212AD5-A7FA-49DC-B165-B6035772D951}.MinSizeRel|x64.Build.0 = Release|x64
		{DB212AD5-A7FA-49DC-B165-B6035772D951}.MinSizeRel|x86.ActiveCfg = Release|Win32
		{DB212AD5-A7FA-49DC-B165-B6035772D951}.MinSizeRel|x86.Build.0 = Release|Win32
		{DB212AD5-A7FA-49DC-B165-B6035772D951}.Release|x64.ActiveCfg = Release|x64
		{DB212AD5-A7FA-49DC-B165-B6035772D951}.Release|x64.Build.0 = Release|x64
		{DB212AD5-A7FA-49DC-B165-B6035772D951}.Release|x86.ActiveCfg = Release|Win32
		{DB212AD5-A7FA-49DC-B165-B6035772D951}.Release|x86.Build.0 = Release|Win32
		{DB212AD5-A7FA-49DC-B165-B6035772D951}.RelWithDebInfo|x64.ActiveCfg = Release|x64
		{DB212AD5-A7FA-49DC-B165-B6035772D951}.RelWithDebInfo|x64.Build.0 = Release|x64
		{DB212AD5-A7FA-49DC-B165-B6035772D951}.RelWithDebInfo|x86.ActiveCfg = Release|Win32
		{DB212AD5-A7FA-49DC-B165-B6035772D951}.RelWithDebInfo|x86.Build.0 = Release|Win32
		{61787FD8-ADAE-4B16-B4A4-E5ADB26E2139}.Debug|x64.ActiveCfg = Debug|x64
		{61787FD8-ADAE-4B16-B4A4-E5ADB26E2139}.Debug|x64.Build.0 = Debug|x64
		{61787FD8-ADAE-4B16-B4A4-E5ADB26E2139}.Debug|x86.ActiveCfg = Debug|Win32
		{61787FD8-ADAE-4B16-B4A4-E5ADB26E2139}.Debug|x86.Build.0 = Debug|Win32
		{61787FD8-ADAE-4B16-B4A4-E5ADB26E2139}.MinSizeRel|x64.ActiveCfg = Release|x64
		{61787FD8-ADAE-4B16-B4A4-E5ADB26E2139}.MinSizeRel|x64.Build.0 = Release|x64
		{61787FD8-ADAE-4B16-B4A4-E5ADB26E2139}.MinSizeRel|x86.ActiveCfg = Release|Win32
		{61787FD8-ADAE-4B16-B4A4-E5ADB26E2139}.MinSizeRel|x86.Build.0 = Release|Win32
		{61787FD8-ADAE-4B16-B4A4-E5ADB26E2139}.Release|x64.ActiveCfg = Release|x64
		{61787FD8-ADAE-4B16-B4A4-E5ADB26E2139}.Release|x64.Build.0 = Release|x64
		{61787FD8-ADAE-4B16-B4A4-E5ADB26E2139}.Release|x86.ActiveCfg = Release|Win32
		{61787FD8-ADAE-4B16-B4A4-E5ADB26E2139}.Release|x86.Build.0 = Release|Win32
		{61787FD8-ADAE-4B16-B4A4-E5ADB26E2139}.RelWithDebInfo|x64.ActiveCfg = Release|x64
		{61787FD8-ADAE-4B16-B4A4-E5ADB26E2139}.RelWithDebInfo|x64.Build.0 = Release|x64
		{61787FD8-ADAE-4B16-B4A4-E5ADB26E2139}.RelWithDebInfo|x86.ActiveCfg = Release|Win32
		{61787FD8-ADAE-4B16-B4A4-E5ADB26E2139}.RelWithDebInfo|x86.Build.0 = Release|Win32
		{75EC2E9B-EBB8-46F2-9DBE-3C78E73F8D55}.Debug|x64.ActiveCfg = Debug|x64
		{75EC2E9B-EBB8-46F2-9DBE-3C78E73F8D55}.Debug|x64.Build.0 = Debug|x64
		{75EC2E9B-EBB8-46F2-9DBE-3C78E73F8D55}.Debug|x86.ActiveCfg = Debug|x64
		{75EC2E9B-EBB8-46F2-9DBE-3C78E73F8D55}.MinSizeRel|x64.ActiveCfg = Release|x64
		{75EC2E9B-EBB8-46F2-9DBE-3C78E73F8D55}.MinSizeRel|x64.Build.0 = Release|x64
		{75EC2E9B-EBB8-46F2-9DBE-3C78E73F8D55}.MinSizeRel|x86.ActiveCfg = Release|x64
		{75EC2E9B-EBB8-46F2-9DBE-3C78E73F8D55}.MinSizeRel|x86.Build.0 = Release|x64
		{75EC2E9B-EBB8-46F2-9DBE-3C78E73F8D55}.Release|x64.ActiveCfg = Release|x64
		{75EC2E9B-EBB8-46F2-9DBE-3C78E73F8D55}.Release|x64.Build.0 = Release|x64
		{75EC2E9B-EBB8-46F2-9DBE-3C78E73F8D55}.Release|x86.ActiveCfg = Release|x64
		{75EC2E9B-EBB8-46F2-9DBE-3C78E73F8D55}.RelWithDebInfo|x64.ActiveCfg = Release|x64
		{75EC2E9B-EBB8-46F2-9DBE-3C78E73F8D55}.RelWithDebInfo|x64.Build.0 = Release|x64
		{75EC2E9B-EBB8-46F2-9DBE-3C78E73F8D55}.RelWithDebInfo|x86.ActiveCfg = Release|x64
		{75EC2E9B-EBB8-46F2-9DBE-3C78E73F8D55}.RelWithDebInfo|x86.Build.0 = Release|x64
		{06ABC689-54E1-43CF-99CF-BF3E4E97459E}.Debug|x64.ActiveCfg = Debug|x64
		{06ABC689-54E1-43CF-99CF-BF3E4E97459E}.Debug|x64.Build.0 = Debug|x64
		{06ABC689-54E1-43CF-99CF-BF3E4E97459E}.Debug|x86.ActiveCfg = Debug|Win32
		{06ABC689-54E1-43CF-99CF-BF3E4E97459E}.Debug|x86.Build.0 = Debug|Win32
		{06ABC689-54E1-43CF-99CF-BF3E4E97459E}.MinSizeRel|x64.ActiveCfg = Release|x64
		{06ABC689-54E1-43CF-99CF-BF3E4E97459E}.MinSizeRel|x64.Build.0 = Release|x64
		{06ABC689-54E1-43CF-99CF-BF3E4E97459E}.MinSizeRel|x86.ActiveCfg = Release|Win32
		{06ABC689-54E1-43CF-99CF-BF3E4E97459E}.MinSizeRel|x86.Build.0 = Release|Win32
		{06ABC689-54E1-43CF-99CF-BF3E4E97459E}.Release|x64.ActiveCfg = Release|Win32
		{06ABC689-54E1-43CF-99CF-BF3E4E97459E}.Release|x86.ActiveCfg = Release|Win32
		{06ABC689-54E1-43CF-99CF-BF3E4E97459E}.Release|x86.Build.0 = Release|Win32
		{06ABC689-54E1-43CF-99CF-BF3E4E97459E}.RelWithDebInfo|x64.ActiveCfg = Release|x64
		{06ABC689-54E1-43CF-99CF-BF3E4E97459E}.RelWithDebInfo|x64.Build.0 = Release|x64
		{06ABC689-54E1-43CF-99CF-BF3E4E97459E}.RelWithDebInfo|x86.ActiveCfg = Release|Win32
		{06ABC689-54E1-43CF-99CF-BF3E4E97459E}.RelWithDebInfo|x86.Build.0 = Release|Win32
		{F87A43FB-DA3E-403E-9242-55173934D4AC}.Debug|x64.ActiveCfg = Debug|x64
		{F87A43FB-DA3E-403E-9242-55173934D4AC}.Debug|x64.Build.0 = Debug|x64
		{F87A43FB-DA3E-403E-9242-55173934D4AC}.Debug|x86.ActiveCfg = Debug|Win32
		{F87A43FB-DA3E-403E-9242-55173934D4AC}.Debug|x86.Build.0 = Debug|Win32
		{F87A43FB-DA3E-403E-9242-55173934D4AC}.MinSizeRel|x64.ActiveCfg = Release|x64
		{F87A43FB-DA3E-403E-9242-55173934D4AC}.MinSizeRel|x64.Build.0 = Release|x64
		{F87A43FB-DA3E-403E-9242-55173934D4AC}.MinSizeRel|x86.ActiveCfg = Release|Win32
		{F87A43FB-DA3E-403E-9242-55173934D4AC}.MinSizeRel|x86.Build.0 = Release|Win32
		{F87A43FB-DA3E-403E-9242-55173934D4AC}.Release|x64.ActiveCfg = Release|x64
		{F87A43FB-DA3E-403E-9242-55173934D4AC}.Release|x64.Build.0 = Release|x64
		{F87A43FB-DA3E-403E-9242-55173934D4AC}.Release|x86.ActiveCfg = Release|Win32
		{F87A43FB-DA3E-403E-9242-55173934D4AC}.Release|x86.Build.0 = Release|Win32
		{F87A43FB-DA3E-403E-9242-55173934D4AC}.RelWithDebInfo|x64.ActiveCfg = Release|x64
		{F87A43FB-DA3E-403E-9242-55173934D4AC}.RelWithDebInfo|x64.Build.0 = Release|x64
		{F87A43FB-DA3E-403E-9242-55173934D4AC}.RelWithDebInfo|x86.ActiveCfg = Release|Win32
		{F87A43FB-DA3E-403E-9242-55173934D4AC}.RelWithDebInfo|x86.Build.0 = Release|Win32
		{B45000FF-F17A-4F1C-89E5-14C513B20DC9}.Debug|x64.ActiveCfg = Debug|x64
		{B45000FF-F17A-4F1C-89E5-14C513B20DC9}.Debug|x64.Build.0 = Debug|x64
		{B45000FF-F17A-4F1C-89E5-14C513B20DC9}.Debug|x86.ActiveCfg = Debug|x64
		{B45000FF-F17A-4F1C-89E5-14C513B20DC9}.MinSizeRel|x64.ActiveCfg = Release|x64
		{B45000FF-F17A-4F1C-89E5-14C513B20DC9}.MinSizeRel|x64.Build.0 = Release|x64
		{B45000FF-F17A-4F1C-89E5-14C513B20DC9}.MinSizeRel|x86.ActiveCfg = Release|x64
		{B45000FF-F17A-4F1C-89E5-14C513B20DC9}.MinSizeRel|x86.Build.0 = Release|x64
		{B45000FF-F17A-4F1C-89E5-14C513B20DC9}.Release|x64.ActiveCfg = Release|x64
		{B45000FF-F17A-4F1C-89E5-14C513B20DC9}.Release|x64.Build.0 = Release|x64
		{B45000FF-F17A-4F1C-89E5-14C513B20DC9}.Release|x86.ActiveCfg = Release|x64
		{B45000FF-F17A-4F1C-89E5-14C513B20DC9}.RelWithDebInfo|x64.ActiveCfg = Release|x64
		{B45000FF-F17A-4F1C-89E5-14C513B20DC9}.RelWithDebInfo|x64.Build.0 = Release|x64
		{B45000FF-F17A-4F1C-89E5-14C513B20DC9}.RelWithDebInfo|x86.ActiveCfg = Release|x64
		{B45000FF-F17A-4F1C-89E5-14C513B20DC9}.RelWithDebInfo|x86.Build.0 = Release|x64
		{C0B9F222-B39F-3B97-A0C4-28DC53F19DBF}.Debug|x64.ActiveCfg = Debug|x64
		{C0B9F222-B39F-3B97-A0C4-28DC53F19DBF}.Debug|x64.Build.0 = Debug|x64
		{C0B9F222-B39F-3B97-A0C4-28DC53F19DBF}.Debug|x86.ActiveCfg = Debug|x64
		{C0B9F222-B39F-3B97-A0C4-28DC53F19DBF}.MinSizeRel|x64.ActiveCfg = MinSizeRel|x64
		{C0B9F222-B39F-3B97-A0C4-28DC53F19DBF}.MinSizeRel|x64.Build.0 = MinSizeRel|x64
		{C0B9F222-B39F-3B97-A0C4-28DC53F19DBF}.MinSizeRel|x86.ActiveCfg = MinSizeRel|x64
		{C0B9F222-B39F-3B97-A0C4-28DC53F19DBF}.Release|x64.ActiveCfg = Release|x64
		{C0B9F222-B39F-3B97-A0C4-28DC53F19DBF}.Release|x64.Build.0 = Release|x64
		{C0B9F222-B39F-3B97-A0C4-28DC53F19DBF}.Release|x86.ActiveCfg = Release|x64
		{C0B9F222-B39F-3B97-A0C4-28DC53F19DBF}.RelWithDebInfo|x64.ActiveCfg = RelWithDebInfo|x64
		{C0B9F222-B39F-3B97-A0C4-28DC53F19DBF}.RelWithDebInfo|x64.Build.0 = RelWithDebInfo|x64
		{C0B9F222-B39F-3B97-A0C4-28DC53F19DBF}.RelWithDebInfo|x86.ActiveCfg = RelWithDebInfo|x64
		{3685E3E7-CDE1-3796-AD46-5F9C1416BB6A}.Debug|x64.ActiveCfg = Debug|x64
		{3685E3E7-CDE1-3796-AD46-5F9C1416BB6A}.Debug|x64.Build.0 = Debug|x64
		{3685E3E7-CDE1-3796-AD46-5F9C1416BB6A}.Debug|x86.ActiveCfg = Debug|x64
		{3685E3E7-CDE1-3796-AD46-5F9C1416BB6A}.MinSizeRel|x64.ActiveCfg = MinSizeRel|x64
		{3685E3E7-CDE1-3796-AD46-5F9C1416BB6A}.MinSizeRel|x64.Build.0 = MinSizeRel|x64
		{3685E3E7-CDE1-3796-AD46-5F9C1416BB6A}.MinSizeRel|x86.ActiveCfg = MinSizeRel|x64
		{3685E3E7-CDE1-3796-AD46-5F9C1416BB6A}.Release|x64.ActiveCfg = Release|x64
		{3685E3E7-CDE1-3796-AD46-5F9C1416BB6A}.Release|x64.Build.0 = Release|x64
		{3685E3E7-CDE1-3796-AD46-5F9C1416BB6A}.Release|x86.ActiveCfg = Release|x64
		{3685E3E7-CDE1-3796-AD46-5F9C1416BB6A}.RelWithDebInfo|x64.ActiveCfg = RelWithDebInfo|x64
		{3685E3E7-CDE1-3796-AD46-5F9C1416BB6A}.RelWithDebInfo|x64.Build.0 = RelWithDebInfo|x64
		{3685E3E7-CDE1-3796-AD46-5F9C1416BB6A}.RelWithDebInfo|x86.ActiveCfg = RelWithDebInfo|x64
		{30709B3D-AC84-3721-A6BC-31A7AC6B9703}.Debug|x64.ActiveCfg = Debug|x64
		{30709B3D-AC84-3721-A6BC-31A7AC6B9703}.Debug|x64.Build.0 = Debug|x64
		{30709B3D-AC84-3721-A6BC-31A7AC6B9703}.Debug|x86.ActiveCfg = Debug|x64
		{30709B3D-AC84-3721-A6BC-31A7AC6B9703}.MinSizeRel|x64.ActiveCfg = MinSizeRel|x64
		{30709B3D-AC84-3721-A6BC-31A7AC6B9703}.MinSizeRel|x64.Build.0 = MinSizeRel|x64
		{30709B3D-AC84-3721-A6BC-31A7AC6B9703}.MinSizeRel|x86.ActiveCfg = MinSizeRel|x64
		{30709B3D-AC84-3721-A6BC-31A7AC6B9703}.Release|x64.ActiveCfg = Release|x64
		{30709B3D-AC84-3721-A6BC-31A7AC6B9703}.Release|x64.Build.0 = Release|x64
		{30709B3D-AC84-3721-A6BC-31A7AC6B9703}.Release|x86.ActiveCfg = Release|x64
		{30709B3D-AC84-3721-A6BC-31A7AC6B9703}.RelWithDebInfo|x64.ActiveCfg = RelWithDebInfo|x64
		{30709B3D-AC84-3721-A6BC-31A7AC6B9703}.RelWithDebInfo|x64.Build.0 = RelWithDebInfo|x64
		{30709B3D-AC84-3721-A6BC-31A7AC6B9703}.RelWithDebInfo|x86.ActiveCfg = RelWithDebInfo|x64
		{CC6B1588-4AB3-3865-B7B6-BD6B44215B6C}.Debug|x64.ActiveCfg = Debug|x64
		{CC6B1588-4AB3-3865-B7B6-BD6B44215B6C}.Debug|x64.Build.0 = Debug|x64
		{CC6B1588-4AB3-3865-B7B6-BD6B44215B6C}.Debug|x86.ActiveCfg = Debug|x64
		{CC6B1588-4AB3-3865-B7B6-BD6B44215B6C}.MinSizeRel|x64.ActiveCfg = MinSizeRel|x64
		{CC6B1588-4AB3-3865-B7B6-BD6B44215B6C}.MinSizeRel|x64.Build.0 = MinSizeRel|x64
		{CC6B1588-4AB3-3865-B7B6-BD6B44215B6C}.MinSizeRel|x86.ActiveCfg = MinSizeRel|x64
		{CC6B1588-4AB3-3865-B7B6-BD6B44215B6C}.Release|x64.ActiveCfg = Release|x64
		{CC6B1588-4AB3-3865-B7B6-BD6B44215B6C}.Release|x64.Build.0 = Release|x64
		{CC6B1588-4AB3-3865-B7B6-BD6B44215B6C}.Release|x86.ActiveCfg = Release|x64
		{CC6B1588-4AB3-3865-B7B6-BD6B44215B6C}.RelWithDebInfo|x64.ActiveCfg = RelWithDebInfo|x64
		{CC6B1588-4AB3-3865-B7B6-BD6B44215B6C}.RelWithDebInfo|x64.Build.0 = RelWithDebInfo|x64
		{CC6B1588-4AB3-3865-B7B6-BD6B44215B6C}.RelWithDebInfo|x86.ActiveCfg = RelWithDebInfo|x64
		{7F4A34B1-63DC-3566-A9BB-2F0200A04C0F}.Debug|x64.ActiveCfg = Debug|x64
		{7F4A34B1-63DC-3566-A9BB-2F0200A04C0F}.Debug|x64.Build.0 = Debug|x64
		{7F4A34B1-63DC-3566-A9BB-2F0200A04C0F}.Debug|x86.ActiveCfg = Debug|x64
		{7F4A34B1-63DC-3566-A9BB-2F0200A04C0F}.MinSizeRel|x64.ActiveCfg = MinSizeRel|x64
		{7F4A34B1-63DC-3566-A9BB-2F0200A04C0F}.MinSizeRel|x64.Build.0 = MinSizeRel|x64
		{7F4A34B1-63DC-3566-A9BB-2F0200A04C0F}.MinSizeRel|x86.ActiveCfg = MinSizeRel|x64
		{7F4A34B1-63DC-3566-A9BB-2F0200A04C0F}.Release|x64.ActiveCfg = Release|x64
		{7F4A34B1-63DC-3566-A9BB-2F0200A04C0F}.Release|x64.Build.0 = Release|x64
		{7F4A34B1-63DC-3566-A9BB-2F0200A04C0F}.Release|x86.ActiveCfg = Release|x64
		{7F4A34B1-63DC-3566-A9BB-2F0200A04C0F}.RelWithDebInfo|x64.ActiveCfg = RelWithDebInfo|x64
		{7F4A34B1-63DC-3566-A9BB-2F0200A04C0F}.RelWithDebInfo|x64.Build.0 = RelWithDebInfo|x64
		{7F4A34B1-63DC-3566-A9BB-2F0200A04C0F}.RelWithDebInfo|x86.ActiveCfg = RelWithDebInfo|x64
	EndGlobalSection
	GlobalSection(SolutionProperties) = preSolution
		HideSolutionNode = FALSE
	EndGlobalSection
	GlobalSection(NestedProjects) = preSolution
		{C0B9F222-B39F-3B97-A0C4-28DC53F19DBF} = {598F7C12-6050-493D-B9B9-2CE4F8FCA804}
		{3685E3E7-CDE1-3796-AD46-5F9C1416BB6A} = {598F7C12-6050-493D-B9B9-2CE4F8FCA804}
		{30709B3D-AC84-3721-A6BC-31A7AC6B9703} = {598F7C12-6050-493D-B9B9-2CE4F8FCA804}
		{CC6B1588-4AB3-3865-B7B6-BD6B44215B6C} = {598F7C12-6050-493D-B9B9-2CE4F8FCA804}
		{7F4A34B1-63DC-3566-A9BB-2F0200A04C0F} = {598F7C12-6050-493D-B9B9-2CE4F8FCA804}
	EndGlobalSection
EndGlobal
