Microsoft Visual Studio Solution File, Format Version 12.00
# Visual Studio 14
Project("{8BC9CEB8-8B4A-11D0-8D11-00A0C91BC942}") = "ALL_BUILD", "ALL_BUILD.vcxproj", "{C0B9F222-B39F-3B97-A0C4-28DC53F19DBF}"
	ProjectSection(ProjectDependencies) = postProject
		{6DB20D9C-EA38-338A-A931-F666D0105C07} = {6DB20D9C-EA38-338A-A931-F666D0105C07}
		{3685E3E7-CDE1-3796-AD46-5F9C1416BB6A} = {3685E3E7-CDE1-3796-AD46-5F9C1416BB6A}
		{30709B3D-AC84-3721-A6BC-31A7AC6B9703} = {30709B3D-AC84-3721-A6BC-31A7AC6B9703}
		{CC6B1588-4AB3-3865-B7B6-BD6B44215B6C} = {CC6B1588-4AB3-3865-B7B6-BD6B44215B6C}
		{7F4A34B1-63DC-3566-A9BB-2F0200A04C0F} = {7F4A34B1-63DC-3566-A9BB-2F0200A04C0F}
	EndProjectSection
EndProject
Project("{8BC9CEB8-8B4A-11D0-8D11-00A0C91BC942}") = "INSTALL", "INSTALL.vcxproj", "{516E697D-179D-3580-AB57-C18FD2E9B189}"
	ProjectSection(ProjectDependencies) = postProject
		{C0B9F222-B39F-3B97-A0C4-28DC53F19DBF} = {C0B9F222-B39F-3B97-A0C4-28DC53F19DBF}
		{6DB20D9C-EA38-338A-A931-F666D0105C07} = {6DB20D9C-EA38-338A-A931-F666D0105C07}
	EndProjectSection
EndProject
Project("{8BC9CEB8-8B4A-11D0-8D11-00A0C91BC942}") = "ZERO_CHECK", "ZERO_CHECK.vcxproj", "{6DB20D9C-EA38-338A-A931-F666D0105C07}"
	ProjectSection(ProjectDependencies) = postProject
	EndProjectSection
EndProject
Project("{8BC9CEB8-8B4A-11D0-8D11-00A0C91BC942}") = "libprotobuf", "libprotobuf.vcxproj", "{3685E3E7-CDE1-3796-AD46-5F9C1416BB6A}"
	ProjectSection(ProjectDependencies) = postProject
		{6DB20D9C-EA38-338A-A931-F666D0105C07} = {6DB20D9C-EA38-338A-A931-F666D0105C07}
	EndProjectSection
EndProject
Project("{8BC9CEB8-8B4A-11D0-8D11-00A0C91BC942}") = "libprotobuf-lite", "libprotobuf-lite.vcxproj", "{30709B3D-AC84-3721-A6BC-31A7AC6B9703}"
	ProjectSection(ProjectDependencies) = postProject
		{6DB20D9C-EA38-338A-A931-F666D0105C07} = {6DB20D9C-EA38-338A-A931-F666D0105C07}
	EndProjectSection
EndProject
Project("{8BC9CEB8-8B4A-11D0-8D11-00A0C91BC942}") = "libprotoc", "libprotoc.vcxproj", "{CC6B1588-4AB3-3865-B7B6-BD6B44215B6C}"
	ProjectSection(ProjectDependencies) = postProject
		{6DB20D9C-EA38-338A-A931-F666D0105C07} = {6DB20D9C-EA38-338A-A931-F666D0105C07}
		{3685E3E7-CDE1-3796-AD46-5F9C1416BB6A} = {3685E3E7-CDE1-3796-AD46-5F9C1416BB6A}
	EndProjectSection
EndProject
Project("{8BC9CEB8-8B4A-11D0-8D11-00A0C91BC942}") = "protoc", "protoc.vcxproj", "{7F4A34B1-63DC-3566-A9BB-2F0200A04C0F}"
	ProjectSection(ProjectDependencies) = postProject
		{6DB20D9C-EA38-338A-A931-F666D0105C07} = {6DB20D9C-EA38-338A-A931-F666D0105C07}
		{3685E3E7-CDE1-3796-AD46-5F9C1416BB6A} = {3685E3E7-CDE1-3796-AD46-5F9C1416BB6A}
		{CC6B1588-4AB3-3865-B7B6-BD6B44215B6C} = {CC6B1588-4AB3-3865-B7B6-BD6B44215B6C}
	EndProjectSection
EndProject
Global
	GlobalSection(SolutionConfigurationPlatforms) = preSolution
		Debug|x64 = Debug|x64
		Release|x64 = Release|x64
		MinSizeRel|x64 = MinSizeRel|x64
		RelWithDebInfo|x64 = RelWithDebInfo|x64
	EndGlobalSection
	GlobalSection(ProjectConfigurationPlatforms) = postSolution
		{C0B9F222-B39F-3B97-A0C4-28DC53F19DBF}.Debug|x64.ActiveCfg = Debug|x64
		{C0B9F222-B39F-3B97-A0C4-28DC53F19DBF}.Debug|x64.Build.0 = Debug|x64
		{C0B9F222-B39F-3B97-A0C4-28DC53F19DBF}.Release|x64.ActiveCfg = Release|x64
		{C0B9F222-B39F-3B97-A0C4-28DC53F19DBF}.Release|x64.Build.0 = Release|x64
		{C0B9F222-B39F-3B97-A0C4-28DC53F19DBF}.MinSizeRel|x64.ActiveCfg = MinSizeRel|x64
		{C0B9F222-B39F-3B97-A0C4-28DC53F19DBF}.MinSizeRel|x64.Build.0 = MinSizeRel|x64
		{C0B9F222-B39F-3B97-A0C4-28DC53F19DBF}.RelWithDebInfo|x64.ActiveCfg = RelWithDebInfo|x64
		{C0B9F222-B39F-3B97-A0C4-28DC53F19DBF}.RelWithDebInfo|x64.Build.0 = RelWithDebInfo|x64
		{516E697D-179D-3580-AB57-C18FD2E9B189}.Debug|x64.ActiveCfg = Debug|x64
		{516E697D-179D-3580-AB57-C18FD2E9B189}.Release|x64.ActiveCfg = Release|x64
		{516E697D-179D-3580-AB57-C18FD2E9B189}.MinSizeRel|x64.ActiveCfg = MinSizeRel|x64
		{516E697D-179D-3580-AB57-C18FD2E9B189}.RelWithDebInfo|x64.ActiveCfg = RelWithDebInfo|x64
		{6DB20D9C-EA38-338A-A931-F666D0105C07}.Debug|x64.ActiveCfg = Debug|x64
		{6DB20D9C-EA38-338A-A931-F666D0105C07}.Debug|x64.Build.0 = Debug|x64
		{6DB20D9C-EA38-338A-A931-F666D0105C07}.Release|x64.ActiveCfg = Release|x64
		{6DB20D9C-EA38-338A-A931-F666D0105C07}.Release|x64.Build.0 = Release|x64
		{6DB20D9C-EA38-338A-A931-F666D0105C07}.MinSizeRel|x64.ActiveCfg = MinSizeRel|x64
		{6DB20D9C-EA38-338A-A931-F666D0105C07}.MinSizeRel|x64.Build.0 = MinSizeRel|x64
		{6DB20D9C-EA38-338A-A931-F666D0105C07}.RelWithDebInfo|x64.ActiveCfg = RelWithDebInfo|x64
		{6DB20D9C-EA38-338A-A931-F666D0105C07}.RelWithDebInfo|x64.Build.0 = RelWithDebInfo|x64
		{3685E3E7-CDE1-3796-AD46-5F9C1416BB6A}.Debug|x64.ActiveCfg = Debug|x64
		{3685E3E7-CDE1-3796-AD46-5F9C1416BB6A}.Debug|x64.Build.0 = Debug|x64
		{3685E3E7-CDE1-3796-AD46-5F9C1416BB6A}.Release|x64.ActiveCfg = Release|x64
		{3685E3E7-CDE1-3796-AD46-5F9C1416BB6A}.Release|x64.Build.0 = Release|x64
		{3685E3E7-CDE1-3796-AD46-5F9C1416BB6A}.MinSizeRel|x64.ActiveCfg = MinSizeRel|x64
		{3685E3E7-CDE1-3796-AD46-5F9C1416BB6A}.MinSizeRel|x64.Build.0 = MinSizeRel|x64
		{3685E3E7-CDE1-3796-AD46-5F9C1416BB6A}.RelWithDebInfo|x64.ActiveCfg = RelWithDebInfo|x64
		{3685E3E7-CDE1-3796-AD46-5F9C1416BB6A}.RelWithDebInfo|x64.Build.0 = RelWithDebInfo|x64
		{30709B3D-AC84-3721-A6BC-31A7AC6B9703}.Debug|x64.ActiveCfg = Debug|x64
		{30709B3D-AC84-3721-A6BC-31A7AC6B9703}.Debug|x64.Build.0 = Debug|x64
		{30709B3D-AC84-3721-A6BC-31A7AC6B9703}.Release|x64.ActiveCfg = Release|x64
		{30709B3D-AC84-3721-A6BC-31A7AC6B9703}.Release|x64.Build.0 = Release|x64
		{30709B3D-AC84-3721-A6BC-31A7AC6B9703}.MinSizeRel|x64.ActiveCfg = MinSizeRel|x64
		{30709B3D-AC84-3721-A6BC-31A7AC6B9703}.MinSizeRel|x64.Build.0 = MinSizeRel|x64
		{30709B3D-AC84-3721-A6BC-31A7AC6B9703}.RelWithDebInfo|x64.ActiveCfg = RelWithDebInfo|x64
		{30709B3D-AC84-3721-A6BC-31A7AC6B9703}.RelWithDebInfo|x64.Build.0 = RelWithDebInfo|x64
		{CC6B1588-4AB3-3865-B7B6-BD6B44215B6C}.Debug|x64.ActiveCfg = Debug|x64
		{CC6B1588-4AB3-3865-B7B6-BD6B44215B6C}.Debug|x64.Build.0 = Debug|x64
		{CC6B1588-4AB3-3865-B7B6-BD6B44215B6C}.Release|x64.ActiveCfg = Release|x64
		{CC6B1588-4AB3-3865-B7B6-BD6B44215B6C}.Release|x64.Build.0 = Release|x64
		{CC6B1588-4AB3-3865-B7B6-BD6B44215B6C}.MinSizeRel|x64.ActiveCfg = MinSizeRel|x64
		{CC6B1588-4AB3-3865-B7B6-BD6B44215B6C}.MinSizeRel|x64.Build.0 = MinSizeRel|x64
		{CC6B1588-4AB3-3865-B7B6-BD6B44215B6C}.RelWithDebInfo|x64.ActiveCfg = RelWithDebInfo|x64
		{CC6B1588-4AB3-3865-B7B6-BD6B44215B6C}.RelWithDebInfo|x64.Build.0 = RelWithDebInfo|x64
		{7F4A34B1-63DC-3566-A9BB-2F0200A04C0F}.Debug|x64.ActiveCfg = Debug|x64
		{7F4A34B1-63DC-3566-A9BB-2F0200A04C0F}.Debug|x64.Build.0 = Debug|x64
		{7F4A34B1-63DC-3566-A9BB-2F0200A04C0F}.Release|x64.ActiveCfg = Release|x64
		{7F4A34B1-63DC-3566-A9BB-2F0200A04C0F}.Release|x64.Build.0 = Release|x64
		{7F4A34B1-63DC-3566-A9BB-2F0200A04C0F}.MinSizeRel|x64.ActiveCfg = MinSizeRel|x64
		{7F4A34B1-63DC-3566-A9BB-2F0200A04C0F}.MinSizeRel|x64.Build.0 = MinSizeRel|x64
		{7F4A34B1-63DC-3566-A9BB-2F0200A04C0F}.RelWithDebInfo|x64.ActiveCfg = RelWithDebInfo|x64
		{7F4A34B1-63DC-3566-A9BB-2F0200A04C0F}.RelWithDebInfo|x64.Build.0 = RelWithDebInfo|x64
	EndGlobalSection
	GlobalSection(ExtensibilityGlobals) = postSolution
		SolutionGuid = {A9FF5B7E-80DD-3148-92C4-E08066A58B51}
	EndGlobalSection
	GlobalSection(ExtensibilityAddIns) = postSolution
	EndGlobalSection
EndGlobal
